// !$*UTF8*$!
{
	archiveVersion = 1;
	classes = {
	};
	objectVersion = 56;
	objects = {

/* Begin PBXBuildFile section */
		720193A82AB9FD9000C07DCE /* posts.json in Resources */ = {isa = PBXBuildFile; fileRef = 720193A52AB9FD9000C07DCE /* posts.json */; };
		7220A2CE2ABADBC800A778E0 /* Utility.swift in Sources */ = {isa = PBXBuildFile; fileRef = 7220A2CC2ABADBC800A778E0 /* Utility.swift */; };
		7220A2CF2ABADBC800A778E0 /* MockerProtocols.swift in Sources */ = {isa = PBXBuildFile; fileRef = 7220A2CD2ABADBC800A778E0 /* MockerProtocols.swift */; };
		72333D6E2AB9EAD4002DCCF9 /* ItemsModel.swift in Sources */ = {isa = PBXBuildFile; fileRef = 72333D6D2AB9EAD4002DCCF9 /* ItemsModel.swift */; };
		72333D702AB9EC91002DCCF9 /* PostViewModel.swift in Sources */ = {isa = PBXBuildFile; fileRef = 72333D6F2AB9EC91002DCCF9 /* PostViewModel.swift */; };
		727E97602AB83D24006CE80F /* PlennyApp.swift in Sources */ = {isa = PBXBuildFile; fileRef = 727E975F2AB83D24006CE80F /* PlennyApp.swift */; };
		727E97642AB83D25006CE80F /* Assets.xcassets in Resources */ = {isa = PBXBuildFile; fileRef = 727E97632AB83D25006CE80F /* Assets.xcassets */; };
		727E97672AB83D25006CE80F /* Preview Assets.xcassets in Resources */ = {isa = PBXBuildFile; fileRef = 727E97662AB83D25006CE80F /* Preview Assets.xcassets */; };
		727E976C2AB83D25006CE80F /* Plenny.xcdatamodeld in Sources */ = {isa = PBXBuildFile; fileRef = 727E976A2AB83D25006CE80F /* Plenny.xcdatamodeld */; };
		727E97762AB83D25006CE80F /* PlennyTests.swift in Sources */ = {isa = PBXBuildFile; fileRef = 727E97752AB83D25006CE80F /* PlennyTests.swift */; };
		727E97802AB83D25006CE80F /* PlennyUITests.swift in Sources */ = {isa = PBXBuildFile; fileRef = 727E977F2AB83D25006CE80F /* PlennyUITests.swift */; };
		727E97822AB83D25006CE80F /* PlennyUITestsLaunchTests.swift in Sources */ = {isa = PBXBuildFile; fileRef = 727E97812AB83D25006CE80F /* PlennyUITestsLaunchTests.swift */; };
		727E97B92AB8557F006CE80F /* LoginView.swift in Sources */ = {isa = PBXBuildFile; fileRef = 727E97B82AB8557F006CE80F /* LoginView.swift */; };
		727E97BB2AB85587006CE80F /* LoginViewModel.swift in Sources */ = {isa = PBXBuildFile; fileRef = 727E97BA2AB85587006CE80F /* LoginViewModel.swift */; };
		72FF2A732AB8DD6F00BE2289 /* Custom Button.swift in Sources */ = {isa = PBXBuildFile; fileRef = 72FF2A722AB8DD6F00BE2289 /* Custom Button.swift */; };
		72FF2A752AB8E29000BE2289 /* LoginModel.swift in Sources */ = {isa = PBXBuildFile; fileRef = 72FF2A742AB8E29000BE2289 /* LoginModel.swift */; };
		72FF2A902AB9926600BE2289 /* ParameterEncoding.swift in Sources */ = {isa = PBXBuildFile; fileRef = 72FF2A802AB9926600BE2289 /* ParameterEncoding.swift */; };
		72FF2A912AB9926600BE2289 /* URLParameterEncoder.swift in Sources */ = {isa = PBXBuildFile; fileRef = 72FF2A812AB9926600BE2289 /* URLParameterEncoder.swift */; };
		72FF2A922AB9926600BE2289 /* JSONParameterEncoder.swift in Sources */ = {isa = PBXBuildFile; fileRef = 72FF2A822AB9926600BE2289 /* JSONParameterEncoder.swift */; };
		72FF2A932AB9926600BE2289 /* MockAPI.swift in Sources */ = {isa = PBXBuildFile; fileRef = 72FF2A842AB9926600BE2289 /* MockAPI.swift */; };
		72FF2A942AB9926600BE2289 /* NetworkResponseError.swift in Sources */ = {isa = PBXBuildFile; fileRef = 72FF2A862AB9926600BE2289 /* NetworkResponseError.swift */; };
		72FF2A952AB9926600BE2289 /* NetworkError.swift in Sources */ = {isa = PBXBuildFile; fileRef = 72FF2A872AB9926600BE2289 /* NetworkError.swift */; };
		72FF2A962AB9926600BE2289 /* HTTPTask.swift in Sources */ = {isa = PBXBuildFile; fileRef = 72FF2A892AB9926600BE2289 /* HTTPTask.swift */; };
		72FF2A972AB9926600BE2289 /* HTTPMethod.swift in Sources */ = {isa = PBXBuildFile; fileRef = 72FF2A8A2AB9926600BE2289 /* HTTPMethod.swift */; };
		72FF2A982AB9926600BE2289 /* Router.swift in Sources */ = {isa = PBXBuildFile; fileRef = 72FF2A8B2AB9926600BE2289 /* Router.swift */; };
		72FF2A992AB9926600BE2289 /* NetworkLogger.swift in Sources */ = {isa = PBXBuildFile; fileRef = 72FF2A8C2AB9926600BE2289 /* NetworkLogger.swift */; };
		72FF2A9A2AB9926600BE2289 /* EndPointType.swift in Sources */ = {isa = PBXBuildFile; fileRef = 72FF2A8D2AB9926600BE2289 /* EndPointType.swift */; };
		72FF2A9B2AB9926600BE2289 /* NetworkHelper.swift in Sources */ = {isa = PBXBuildFile; fileRef = 72FF2A8F2AB9926600BE2289 /* NetworkHelper.swift */; };
		72FF2A9F2AB9928700BE2289 /* Disposable.swift in Sources */ = {isa = PBXBuildFile; fileRef = 72FF2A9D2AB9928700BE2289 /* Disposable.swift */; };
		72FF2AA02AB9928700BE2289 /* Observable.swift in Sources */ = {isa = PBXBuildFile; fileRef = 72FF2A9E2AB9928700BE2289 /* Observable.swift */; };
		72FF2AA32AB9948500BE2289 /* Repository.swift in Sources */ = {isa = PBXBuildFile; fileRef = 72FF2AA22AB9948500BE2289 /* Repository.swift */; };
		72FF2AA52AB99A2D00BE2289 /* EmptyNavigationLink.swift in Sources */ = {isa = PBXBuildFile; fileRef = 72FF2AA42AB99A2D00BE2289 /* EmptyNavigationLink.swift */; };
		72FF2AA72AB99A4900BE2289 /* Binding+Utils.swift in Sources */ = {isa = PBXBuildFile; fileRef = 72FF2AA62AB99A4900BE2289 /* Binding+Utils.swift */; };
		72FF2AAA2AB9A2B300BE2289 /* Posts View.swift in Sources */ = {isa = PBXBuildFile; fileRef = 72FF2AA92AB9A2B300BE2289 /* Posts View.swift */; };
		72FF2AB12AB9B45800BE2289 /* View+ Extension.swift in Sources */ = {isa = PBXBuildFile; fileRef = 72FF2AB02AB9B45800BE2289 /* View+ Extension.swift */; };
		72FF2AB32AB9B7D900BE2289 /* Coordinator.swift in Sources */ = {isa = PBXBuildFile; fileRef = 72FF2AB22AB9B7D900BE2289 /* Coordinator.swift */; };
		72FF2AB52AB9BAB500BE2289 /* CoordinatorView.swift in Sources */ = {isa = PBXBuildFile; fileRef = 72FF2AB42AB9BAB500BE2289 /* CoordinatorView.swift */; };
/* End PBXBuildFile section */

/* Begin PBXContainerItemProxy section */
		727E97722AB83D25006CE80F /* PBXContainerItemProxy */ = {
			isa = PBXContainerItemProxy;
			containerPortal = 727E97542AB83D24006CE80F /* Project object */;
			proxyType = 1;
			remoteGlobalIDString = 727E975B2AB83D24006CE80F;
			remoteInfo = Plenny;
		};
		727E977C2AB83D25006CE80F /* PBXContainerItemProxy */ = {
			isa = PBXContainerItemProxy;
			containerPortal = 727E97542AB83D24006CE80F /* Project object */;
			proxyType = 1;
			remoteGlobalIDString = 727E975B2AB83D24006CE80F;
			remoteInfo = Plenny;
		};
/* End PBXContainerItemProxy section */

/* Begin PBXFileReference section */
		720193A52AB9FD9000C07DCE /* posts.json */ = {isa = PBXFileReference; fileEncoding = 4; lastKnownFileType = text.json; path = posts.json; sourceTree = "<group>"; };
		7220A2CC2ABADBC800A778E0 /* Utility.swift */ = {isa = PBXFileReference; fileEncoding = 4; lastKnownFileType = sourcecode.swift; path = Utility.swift; sourceTree = "<group>"; };
		7220A2CD2ABADBC800A778E0 /* MockerProtocols.swift */ = {isa = PBXFileReference; fileEncoding = 4; lastKnownFileType = sourcecode.swift; path = MockerProtocols.swift; sourceTree = "<group>"; };
		72333D6D2AB9EAD4002DCCF9 /* ItemsModel.swift */ = {isa = PBXFileReference; lastKnownFileType = sourcecode.swift; path = ItemsModel.swift; sourceTree = "<group>"; };
		72333D6F2AB9EC91002DCCF9 /* PostViewModel.swift */ = {isa = PBXFileReference; lastKnownFileType = sourcecode.swift; path = PostViewModel.swift; sourceTree = "<group>"; };
		727E975C2AB83D24006CE80F /* Plenny.app */ = {isa = PBXFileReference; explicitFileType = wrapper.application; includeInIndex = 0; path = Plenny.app; sourceTree = BUILT_PRODUCTS_DIR; };
		727E975F2AB83D24006CE80F /* PlennyApp.swift */ = {isa = PBXFileReference; lastKnownFileType = sourcecode.swift; path = PlennyApp.swift; sourceTree = "<group>"; };
		727E97632AB83D25006CE80F /* Assets.xcassets */ = {isa = PBXFileReference; lastKnownFileType = folder.assetcatalog; path = Assets.xcassets; sourceTree = "<group>"; };
		727E97662AB83D25006CE80F /* Preview Assets.xcassets */ = {isa = PBXFileReference; lastKnownFileType = folder.assetcatalog; path = "Preview Assets.xcassets"; sourceTree = "<group>"; };
		727E976B2AB83D25006CE80F /* Plenny.xcdatamodel */ = {isa = PBXFileReference; lastKnownFileType = wrapper.xcdatamodel; path = Plenny.xcdatamodel; sourceTree = "<group>"; };
		727E97712AB83D25006CE80F /* PlennyTests.xctest */ = {isa = PBXFileReference; explicitFileType = wrapper.cfbundle; includeInIndex = 0; path = PlennyTests.xctest; sourceTree = BUILT_PRODUCTS_DIR; };
		727E97752AB83D25006CE80F /* PlennyTests.swift */ = {isa = PBXFileReference; lastKnownFileType = sourcecode.swift; path = PlennyTests.swift; sourceTree = "<group>"; };
		727E977B2AB83D25006CE80F /* PlennyUITests.xctest */ = {isa = PBXFileReference; explicitFileType = wrapper.cfbundle; includeInIndex = 0; path = PlennyUITests.xctest; sourceTree = BUILT_PRODUCTS_DIR; };
		727E977F2AB83D25006CE80F /* PlennyUITests.swift */ = {isa = PBXFileReference; lastKnownFileType = sourcecode.swift; path = PlennyUITests.swift; sourceTree = "<group>"; };
		727E97812AB83D25006CE80F /* PlennyUITestsLaunchTests.swift */ = {isa = PBXFileReference; lastKnownFileType = sourcecode.swift; path = PlennyUITestsLaunchTests.swift; sourceTree = "<group>"; };
		727E97B82AB8557F006CE80F /* LoginView.swift */ = {isa = PBXFileReference; lastKnownFileType = sourcecode.swift; path = LoginView.swift; sourceTree = "<group>"; };
		727E97BA2AB85587006CE80F /* LoginViewModel.swift */ = {isa = PBXFileReference; lastKnownFileType = sourcecode.swift; path = LoginViewModel.swift; sourceTree = "<group>"; };
		72FF2A722AB8DD6F00BE2289 /* Custom Button.swift */ = {isa = PBXFileReference; lastKnownFileType = sourcecode.swift; path = "Custom Button.swift"; sourceTree = "<group>"; };
		72FF2A742AB8E29000BE2289 /* LoginModel.swift */ = {isa = PBXFileReference; lastKnownFileType = sourcecode.swift; path = LoginModel.swift; sourceTree = "<group>"; };
		72FF2A802AB9926600BE2289 /* ParameterEncoding.swift */ = {isa = PBXFileReference; fileEncoding = 4; lastKnownFileType = sourcecode.swift; path = ParameterEncoding.swift; sourceTree = "<group>"; };
		72FF2A812AB9926600BE2289 /* URLParameterEncoder.swift */ = {isa = PBXFileReference; fileEncoding = 4; lastKnownFileType = sourcecode.swift; path = URLParameterEncoder.swift; sourceTree = "<group>"; };
		72FF2A822AB9926600BE2289 /* JSONParameterEncoder.swift */ = {isa = PBXFileReference; fileEncoding = 4; lastKnownFileType = sourcecode.swift; path = JSONParameterEncoder.swift; sourceTree = "<group>"; };
		72FF2A842AB9926600BE2289 /* MockAPI.swift */ = {isa = PBXFileReference; fileEncoding = 4; lastKnownFileType = sourcecode.swift; path = MockAPI.swift; sourceTree = "<group>"; };
		72FF2A862AB9926600BE2289 /* NetworkResponseError.swift */ = {isa = PBXFileReference; fileEncoding = 4; lastKnownFileType = sourcecode.swift; path = NetworkResponseError.swift; sourceTree = "<group>"; };
		72FF2A872AB9926600BE2289 /* NetworkError.swift */ = {isa = PBXFileReference; fileEncoding = 4; lastKnownFileType = sourcecode.swift; path = NetworkError.swift; sourceTree = "<group>"; };
		72FF2A892AB9926600BE2289 /* HTTPTask.swift */ = {isa = PBXFileReference; fileEncoding = 4; lastKnownFileType = sourcecode.swift; path = HTTPTask.swift; sourceTree = "<group>"; };
		72FF2A8A2AB9926600BE2289 /* HTTPMethod.swift */ = {isa = PBXFileReference; fileEncoding = 4; lastKnownFileType = sourcecode.swift; path = HTTPMethod.swift; sourceTree = "<group>"; };
		72FF2A8B2AB9926600BE2289 /* Router.swift */ = {isa = PBXFileReference; fileEncoding = 4; lastKnownFileType = sourcecode.swift; path = Router.swift; sourceTree = "<group>"; };
		72FF2A8C2AB9926600BE2289 /* NetworkLogger.swift */ = {isa = PBXFileReference; fileEncoding = 4; lastKnownFileType = sourcecode.swift; path = NetworkLogger.swift; sourceTree = "<group>"; };
		72FF2A8D2AB9926600BE2289 /* EndPointType.swift */ = {isa = PBXFileReference; fileEncoding = 4; lastKnownFileType = sourcecode.swift; path = EndPointType.swift; sourceTree = "<group>"; };
		72FF2A8F2AB9926600BE2289 /* NetworkHelper.swift */ = {isa = PBXFileReference; fileEncoding = 4; lastKnownFileType = sourcecode.swift; path = NetworkHelper.swift; sourceTree = "<group>"; };
		72FF2A9D2AB9928700BE2289 /* Disposable.swift */ = {isa = PBXFileReference; fileEncoding = 4; lastKnownFileType = sourcecode.swift; path = Disposable.swift; sourceTree = "<group>"; };
		72FF2A9E2AB9928700BE2289 /* Observable.swift */ = {isa = PBXFileReference; fileEncoding = 4; lastKnownFileType = sourcecode.swift; path = Observable.swift; sourceTree = "<group>"; };
		72FF2AA22AB9948500BE2289 /* Repository.swift */ = {isa = PBXFileReference; fileEncoding = 4; lastKnownFileType = sourcecode.swift; path = Repository.swift; sourceTree = "<group>"; };
		72FF2AA42AB99A2D00BE2289 /* EmptyNavigationLink.swift */ = {isa = PBXFileReference; fileEncoding = 4; lastKnownFileType = sourcecode.swift; path = EmptyNavigationLink.swift; sourceTree = "<group>"; };
		72FF2AA62AB99A4900BE2289 /* Binding+Utils.swift */ = {isa = PBXFileReference; fileEncoding = 4; lastKnownFileType = sourcecode.swift; path = "Binding+Utils.swift"; sourceTree = "<group>"; };
		72FF2AA92AB9A2B300BE2289 /* Posts View.swift */ = {isa = PBXFileReference; lastKnownFileType = sourcecode.swift; path = "Posts View.swift"; sourceTree = "<group>"; };
		72FF2AB02AB9B45800BE2289 /* View+ Extension.swift */ = {isa = PBXFileReference; lastKnownFileType = sourcecode.swift; path = "View+ Extension.swift"; sourceTree = "<group>"; };
		72FF2AB22AB9B7D900BE2289 /* Coordinator.swift */ = {isa = PBXFileReference; lastKnownFileType = sourcecode.swift; path = Coordinator.swift; sourceTree = "<group>"; };
		72FF2AB42AB9BAB500BE2289 /* CoordinatorView.swift */ = {isa = PBXFileReference; lastKnownFileType = sourcecode.swift; path = CoordinatorView.swift; sourceTree = "<group>"; };
/* End PBXFileReference section */

/* Begin PBXFrameworksBuildPhase section */
		727E97592AB83D24006CE80F /* Frameworks */ = {
			isa = PBXFrameworksBuildPhase;
			buildActionMask = 2147483647;
			files = (
			);
			runOnlyForDeploymentPostprocessing = 0;
		};
		727E976E2AB83D25006CE80F /* Frameworks */ = {
			isa = PBXFrameworksBuildPhase;
			buildActionMask = 2147483647;
			files = (
			);
			runOnlyForDeploymentPostprocessing = 0;
		};
		727E97782AB83D25006CE80F /* Frameworks */ = {
			isa = PBXFrameworksBuildPhase;
			buildActionMask = 2147483647;
			files = (
			);
			runOnlyForDeploymentPostprocessing = 0;
		};
/* End PBXFrameworksBuildPhase section */

/* Begin PBXGroup section */
		720193A42AB9FD9000C07DCE /* MockData */ = {
			isa = PBXGroup;
			children = (
				720193A52AB9FD9000C07DCE /* posts.json */,
				7220A2CD2ABADBC800A778E0 /* MockerProtocols.swift */,
				7220A2CC2ABADBC800A778E0 /* Utility.swift */,
			);
			path = MockData;
			sourceTree = "<group>";
		};
		727E97532AB83D24006CE80F = {
			isa = PBXGroup;
			children = (
				727E975E2AB83D24006CE80F /* Plenny */,
				727E97742AB83D25006CE80F /* PlennyTests */,
				727E977E2AB83D25006CE80F /* PlennyUITests */,
				727E975D2AB83D24006CE80F /* Products */,
			);
			sourceTree = "<group>";
		};
		727E975D2AB83D24006CE80F /* Products */ = {
			isa = PBXGroup;
			children = (
				727E975C2AB83D24006CE80F /* Plenny.app */,
				727E97712AB83D25006CE80F /* PlennyTests.xctest */,
				727E977B2AB83D25006CE80F /* PlennyUITests.xctest */,
			);
			name = Products;
			sourceTree = "<group>";
		};
		727E975E2AB83D24006CE80F /* Plenny */ = {
			isa = PBXGroup;
			children = (
				72FF2A9C2AB9928700BE2289 /* Observable */,
				72FF2A7E2AB9926600BE2289 /* Networking */,
				72FF2AA12AB9948500BE2289 /* Repository */,
				727E97B62AB85562006CE80F /* Module */,
				727E97A42AB83F4A006CE80F /* Models */,
				727E97A02AB83F4A006CE80F /* Shared */,
				727E97652AB83D25006CE80F /* Preview Content */,
			);
			path = Plenny;
			sourceTree = "<group>";
		};
		727E97652AB83D25006CE80F /* Preview Content */ = {
			isa = PBXGroup;
			children = (
				727E97662AB83D25006CE80F /* Preview Assets.xcassets */,
			);
			path = "Preview Content";
			sourceTree = "<group>";
		};
		727E97742AB83D25006CE80F /* PlennyTests */ = {
			isa = PBXGroup;
			children = (
				720193A42AB9FD9000C07DCE /* MockData */,
				727E97752AB83D25006CE80F /* PlennyTests.swift */,
			);
			path = PlennyTests;
			sourceTree = "<group>";
		};
		727E977E2AB83D25006CE80F /* PlennyUITests */ = {
			isa = PBXGroup;
			children = (
				727E977F2AB83D25006CE80F /* PlennyUITests.swift */,
				727E97812AB83D25006CE80F /* PlennyUITestsLaunchTests.swift */,
			);
			path = PlennyUITests;
			sourceTree = "<group>";
		};
		727E97912AB83D46006CE80F /* System */ = {
			isa = PBXGroup;
			children = (
				727E97632AB83D25006CE80F /* Assets.xcassets */,
				727E976A2AB83D25006CE80F /* Plenny.xcdatamodeld */,
			);
			path = System;
			sourceTree = "<group>";
		};
		727E97A02AB83F4A006CE80F /* Shared */ = {
			isa = PBXGroup;
			children = (
				727E97912AB83D46006CE80F /* System */,
			);
			path = Shared;
			sourceTree = "<group>";
		};
		727E97A42AB83F4A006CE80F /* Models */ = {
			isa = PBXGroup;
			children = (
				72FF2A742AB8E29000BE2289 /* LoginModel.swift */,
				72333D6D2AB9EAD4002DCCF9 /* ItemsModel.swift */,
			);
			path = Models;
			sourceTree = "<group>";
		};
		727E97B62AB85562006CE80F /* Module */ = {
			isa = PBXGroup;
			children = (
				72FF2A712AB8DD5D00BE2289 /* Custom Views */,
				72FF2AA82AB9A2A000BE2289 /* Main */,
				727E97BE2AB85716006CE80F /* Coordinator */,
				727E97B72AB8556B006CE80F /* Login */,
			);
			path = Module;
			sourceTree = "<group>";
		};
		727E97B72AB8556B006CE80F /* Login */ = {
			isa = PBXGroup;
			children = (
				727E97B82AB8557F006CE80F /* LoginView.swift */,
				727E97BA2AB85587006CE80F /* LoginViewModel.swift */,
			);
			path = Login;
			sourceTree = "<group>";
		};
		727E97BE2AB85716006CE80F /* Coordinator */ = {
			isa = PBXGroup;
			children = (
				727E975F2AB83D24006CE80F /* PlennyApp.swift */,
				72FF2AB22AB9B7D900BE2289 /* Coordinator.swift */,
				72FF2AB42AB9BAB500BE2289 /* CoordinatorView.swift */,
			);
			path = Coordinator;
			sourceTree = "<group>";
		};
		72FF2A712AB8DD5D00BE2289 /* Custom Views */ = {
			isa = PBXGroup;
			children = (
				72FF2AA62AB99A4900BE2289 /* Binding+Utils.swift */,
				72FF2AA42AB99A2D00BE2289 /* EmptyNavigationLink.swift */,
				72FF2A722AB8DD6F00BE2289 /* Custom Button.swift */,
				72FF2AB02AB9B45800BE2289 /* View+ Extension.swift */,
			);
			path = "Custom Views";
			sourceTree = "<group>";
		};
		72FF2A7E2AB9926600BE2289 /* Networking */ = {
			isa = PBXGroup;
			children = (
				72FF2A7F2AB9926600BE2289 /* Encoding */,
				72FF2A832AB9926600BE2289 /* API */,
				72FF2A852AB9926600BE2289 /* Errors */,
				72FF2A882AB9926600BE2289 /* Service */,
				72FF2A8E2AB9926600BE2289 /* Helper */,
			);
			path = Networking;
			sourceTree = "<group>";
		};
		72FF2A7F2AB9926600BE2289 /* Encoding */ = {
			isa = PBXGroup;
			children = (
				72FF2A802AB9926600BE2289 /* ParameterEncoding.swift */,
				72FF2A812AB9926600BE2289 /* URLParameterEncoder.swift */,
				72FF2A822AB9926600BE2289 /* JSONParameterEncoder.swift */,
			);
			path = Encoding;
			sourceTree = "<group>";
		};
		72FF2A832AB9926600BE2289 /* API */ = {
			isa = PBXGroup;
			children = (
				72FF2A842AB9926600BE2289 /* MockAPI.swift */,
			);
			path = API;
			sourceTree = "<group>";
		};
		72FF2A852AB9926600BE2289 /* Errors */ = {
			isa = PBXGroup;
			children = (
				72FF2A862AB9926600BE2289 /* NetworkResponseError.swift */,
				72FF2A872AB9926600BE2289 /* NetworkError.swift */,
			);
			path = Errors;
			sourceTree = "<group>";
		};
		72FF2A882AB9926600BE2289 /* Service */ = {
			isa = PBXGroup;
			children = (
				72FF2A892AB9926600BE2289 /* HTTPTask.swift */,
				72FF2A8A2AB9926600BE2289 /* HTTPMethod.swift */,
				72FF2A8B2AB9926600BE2289 /* Router.swift */,
				72FF2A8C2AB9926600BE2289 /* NetworkLogger.swift */,
				72FF2A8D2AB9926600BE2289 /* EndPointType.swift */,
			);
			path = Service;
			sourceTree = "<group>";
		};
		72FF2A8E2AB9926600BE2289 /* Helper */ = {
			isa = PBXGroup;
			children = (
				72FF2A8F2AB9926600BE2289 /* NetworkHelper.swift */,
			);
			path = Helper;
			sourceTree = "<group>";
		};
		72FF2A9C2AB9928700BE2289 /* Observable */ = {
			isa = PBXGroup;
			children = (
				72FF2A9D2AB9928700BE2289 /* Disposable.swift */,
				72FF2A9E2AB9928700BE2289 /* Observable.swift */,
			);
			path = Observable;
			sourceTree = "<group>";
		};
		72FF2AA12AB9948500BE2289 /* Repository */ = {
			isa = PBXGroup;
			children = (
				72FF2AA22AB9948500BE2289 /* Repository.swift */,
			);
			path = Repository;
			sourceTree = "<group>";
		};
		72FF2AA82AB9A2A000BE2289 /* Main */ = {
			isa = PBXGroup;
			children = (
				72FF2AA92AB9A2B300BE2289 /* Posts View.swift */,
				72333D6F2AB9EC91002DCCF9 /* PostViewModel.swift */,
			);
			path = Main;
			sourceTree = "<group>";
		};
/* End PBXGroup section */

/* Begin PBXNativeTarget section */
		727E975B2AB83D24006CE80F /* Plenny */ = {
			isa = PBXNativeTarget;
			buildConfigurationList = 727E97852AB83D25006CE80F /* Build configuration list for PBXNativeTarget "Plenny" */;
			buildPhases = (
				727E97582AB83D24006CE80F /* Sources */,
				727E97592AB83D24006CE80F /* Frameworks */,
				727E975A2AB83D24006CE80F /* Resources */,
			);
			buildRules = (
			);
			dependencies = (
			);
			name = Plenny;
			packageProductDependencies = (
			);
			productName = Plenny;
			productReference = 727E975C2AB83D24006CE80F /* Plenny.app */;
			productType = "com.apple.product-type.application";
		};
		727E97702AB83D25006CE80F /* PlennyTests */ = {
			isa = PBXNativeTarget;
			buildConfigurationList = 727E97882AB83D25006CE80F /* Build configuration list for PBXNativeTarget "PlennyTests" */;
			buildPhases = (
				727E976D2AB83D25006CE80F /* Sources */,
				727E976E2AB83D25006CE80F /* Frameworks */,
				727E976F2AB83D25006CE80F /* Resources */,
			);
			buildRules = (
			);
			dependencies = (
				727E97732AB83D25006CE80F /* PBXTargetDependency */,
			);
			name = PlennyTests;
			packageProductDependencies = (
			);
			productName = PlennyTests;
			productReference = 727E97712AB83D25006CE80F /* PlennyTests.xctest */;
			productType = "com.apple.product-type.bundle.unit-test";
		};
		727E977A2AB83D25006CE80F /* PlennyUITests */ = {
			isa = PBXNativeTarget;
			buildConfigurationList = 727E978B2AB83D25006CE80F /* Build configuration list for PBXNativeTarget "PlennyUITests" */;
			buildPhases = (
				727E97772AB83D25006CE80F /* Sources */,
				727E97782AB83D25006CE80F /* Frameworks */,
				727E97792AB83D25006CE80F /* Resources */,
			);
			buildRules = (
			);
			dependencies = (
				727E977D2AB83D25006CE80F /* PBXTargetDependency */,
			);
			name = PlennyUITests;
			productName = PlennyUITests;
			productReference = 727E977B2AB83D25006CE80F /* PlennyUITests.xctest */;
			productType = "com.apple.product-type.bundle.ui-testing";
		};
/* End PBXNativeTarget section */

/* Begin PBXProject section */
		727E97542AB83D24006CE80F /* Project object */ = {
			isa = PBXProject;
			attributes = {
				BuildIndependentTargetsInParallel = 1;
				LastSwiftUpdateCheck = 1420;
				LastUpgradeCheck = 1420;
				TargetAttributes = {
					727E975B2AB83D24006CE80F = {
						CreatedOnToolsVersion = 14.2;
					};
					727E97702AB83D25006CE80F = {
						CreatedOnToolsVersion = 14.2;
						TestTargetID = 727E975B2AB83D24006CE80F;
					};
					727E977A2AB83D25006CE80F = {
						CreatedOnToolsVersion = 14.2;
						TestTargetID = 727E975B2AB83D24006CE80F;
					};
				};
			};
			buildConfigurationList = 727E97572AB83D24006CE80F /* Build configuration list for PBXProject "Plenny" */;
			compatibilityVersion = "Xcode 14.0";
			developmentRegion = en;
			hasScannedForEncodings = 0;
			knownRegions = (
				en,
				Base,
			);
			mainGroup = 727E97532AB83D24006CE80F;
			packageReferences = (
			);
			productRefGroup = 727E975D2AB83D24006CE80F /* Products */;
			projectDirPath = "";
			projectRoot = "";
			targets = (
				727E975B2AB83D24006CE80F /* Plenny */,
				727E97702AB83D25006CE80F /* PlennyTests */,
				727E977A2AB83D25006CE80F /* PlennyUITests */,
			);
		};
/* End PBXProject section */

/* Begin PBXResourcesBuildPhase section */
		727E975A2AB83D24006CE80F /* Resources */ = {
			isa = PBXResourcesBuildPhase;
			buildActionMask = 2147483647;
			files = (
				727E97672AB83D25006CE80F /* Preview Assets.xcassets in Resources */,
				727E97642AB83D25006CE80F /* Assets.xcassets in Resources */,
			);
			runOnlyForDeploymentPostprocessing = 0;
		};
		727E976F2AB83D25006CE80F /* Resources */ = {
			isa = PBXResourcesBuildPhase;
			buildActionMask = 2147483647;
			files = (
				720193A82AB9FD9000C07DCE /* posts.json in Resources */,
			);
			runOnlyForDeploymentPostprocessing = 0;
		};
		727E97792AB83D25006CE80F /* Resources */ = {
			isa = PBXResourcesBuildPhase;
			buildActionMask = 2147483647;
			files = (
			);
			runOnlyForDeploymentPostprocessing = 0;
		};
/* End PBXResourcesBuildPhase section */

/* Begin PBXSourcesBuildPhase section */
		727E97582AB83D24006CE80F /* Sources */ = {
			isa = PBXSourcesBuildPhase;
			buildActionMask = 2147483647;
			files = (
				72FF2AA02AB9928700BE2289 /* Observable.swift in Sources */,
				727E976C2AB83D25006CE80F /* Plenny.xcdatamodeld in Sources */,
				72FF2A912AB9926600BE2289 /* URLParameterEncoder.swift in Sources */,
				72FF2A922AB9926600BE2289 /* JSONParameterEncoder.swift in Sources */,
				72FF2A962AB9926600BE2289 /* HTTPTask.swift in Sources */,
				72FF2AA72AB99A4900BE2289 /* Binding+Utils.swift in Sources */,
				72FF2A732AB8DD6F00BE2289 /* Custom Button.swift in Sources */,
				72FF2A972AB9926600BE2289 /* HTTPMethod.swift in Sources */,
				72FF2AB32AB9B7D900BE2289 /* Coordinator.swift in Sources */,
				727E97BB2AB85587006CE80F /* LoginViewModel.swift in Sources */,
				72333D6E2AB9EAD4002DCCF9 /* ItemsModel.swift in Sources */,
				72FF2AB12AB9B45800BE2289 /* View+ Extension.swift in Sources */,
				72FF2A992AB9926600BE2289 /* NetworkLogger.swift in Sources */,
				72FF2A982AB9926600BE2289 /* Router.swift in Sources */,
				72FF2A9F2AB9928700BE2289 /* Disposable.swift in Sources */,
				72FF2A902AB9926600BE2289 /* ParameterEncoding.swift in Sources */,
				72FF2AA52AB99A2D00BE2289 /* EmptyNavigationLink.swift in Sources */,
				72FF2A752AB8E29000BE2289 /* LoginModel.swift in Sources */,
				72FF2A9B2AB9926600BE2289 /* NetworkHelper.swift in Sources */,
				72FF2A932AB9926600BE2289 /* MockAPI.swift in Sources */,
				72FF2A942AB9926600BE2289 /* NetworkResponseError.swift in Sources */,
				72FF2A952AB9926600BE2289 /* NetworkError.swift in Sources */,
				72FF2AB52AB9BAB500BE2289 /* CoordinatorView.swift in Sources */,
				72FF2AAA2AB9A2B300BE2289 /* Posts View.swift in Sources */,
				72333D702AB9EC91002DCCF9 /* PostViewModel.swift in Sources */,
				727E97B92AB8557F006CE80F /* LoginView.swift in Sources */,
				72FF2AA32AB9948500BE2289 /* Repository.swift in Sources */,
				72FF2A9A2AB9926600BE2289 /* EndPointType.swift in Sources */,
				727E97602AB83D24006CE80F /* PlennyApp.swift in Sources */,
			);
			runOnlyForDeploymentPostprocessing = 0;
		};
		727E976D2AB83D25006CE80F /* Sources */ = {
			isa = PBXSourcesBuildPhase;
			buildActionMask = 2147483647;
			files = (
				7220A2CF2ABADBC800A778E0 /* MockerProtocols.swift in Sources */,
				7220A2CE2ABADBC800A778E0 /* Utility.swift in Sources */,
				727E97762AB83D25006CE80F /* PlennyTests.swift in Sources */,
			);
			runOnlyForDeploymentPostprocessing = 0;
		};
		727E97772AB83D25006CE80F /* Sources */ = {
			isa = PBXSourcesBuildPhase;
			buildActionMask = 2147483647;
			files = (
				727E97822AB83D25006CE80F /* PlennyUITestsLaunchTests.swift in Sources */,
				727E97802AB83D25006CE80F /* PlennyUITests.swift in Sources */,
			);
			runOnlyForDeploymentPostprocessing = 0;
		};
/* End PBXSourcesBuildPhase section */

/* Begin PBXTargetDependency section */
		727E97732AB83D25006CE80F /* PBXTargetDependency */ = {
			isa = PBXTargetDependency;
			target = 727E975B2AB83D24006CE80F /* Plenny */;
			targetProxy = 727E97722AB83D25006CE80F /* PBXContainerItemProxy */;
		};
		727E977D2AB83D25006CE80F /* PBXTargetDependency */ = {
			isa = PBXTargetDependency;
			target = 727E975B2AB83D24006CE80F /* Plenny */;
			targetProxy = 727E977C2AB83D25006CE80F /* PBXContainerItemProxy */;
		};
/* End PBXTargetDependency section */

/* Begin XCBuildConfiguration section */
		727E97832AB83D25006CE80F /* Debug */ = {
			isa = XCBuildConfiguration;
			buildSettings = {
				ALWAYS_SEARCH_USER_PATHS = NO;
				CLANG_ANALYZER_NONNULL = YES;
				CLANG_ANALYZER_NUMBER_OBJECT_CONVERSION = YES_AGGRESSIVE;
				CLANG_CXX_LANGUAGE_STANDARD = "gnu++20";
				CLANG_ENABLE_MODULES = YES;
				CLANG_ENABLE_OBJC_ARC = YES;
				CLANG_ENABLE_OBJC_WEAK = YES;
				CLANG_WARN_BLOCK_CAPTURE_AUTORELEASING = YES;
				CLANG_WARN_BOOL_CONVERSION = YES;
				CLANG_WARN_COMMA = YES;
				CLANG_WARN_CONSTANT_CONVERSION = YES;
				CLANG_WARN_DEPRECATED_OBJC_IMPLEMENTATIONS = YES;
				CLANG_WARN_DIRECT_OBJC_ISA_USAGE = YES_ERROR;
				CLANG_WARN_DOCUMENTATION_COMMENTS = YES;
				CLANG_WARN_EMPTY_BODY = YES;
				CLANG_WARN_ENUM_CONVERSION = YES;
				CLANG_WARN_INFINITE_RECURSION = YES;
				CLANG_WARN_INT_CONVERSION = YES;
				CLANG_WARN_NON_LITERAL_NULL_CONVERSION = YES;
				CLANG_WARN_OBJC_IMPLICIT_RETAIN_SELF = YES;
				CLANG_WARN_OBJC_LITERAL_CONVERSION = YES;
				CLANG_WARN_OBJC_ROOT_CLASS = YES_ERROR;
				CLANG_WARN_QUOTED_INCLUDE_IN_FRAMEWORK_HEADER = YES;
				CLANG_WARN_RANGE_LOOP_ANALYSIS = YES;
				CLANG_WARN_STRICT_PROTOTYPES = YES;
				CLANG_WARN_SUSPICIOUS_MOVE = YES;
				CLANG_WARN_UNGUARDED_AVAILABILITY = YES_AGGRESSIVE;
				CLANG_WARN_UNREACHABLE_CODE = YES;
				CLANG_WARN__DUPLICATE_METHOD_MATCH = YES;
				COPY_PHASE_STRIP = NO;
				DEBUG_INFORMATION_FORMAT = dwarf;
				ENABLE_STRICT_OBJC_MSGSEND = YES;
				ENABLE_TESTABILITY = YES;
				GCC_C_LANGUAGE_STANDARD = gnu11;
				GCC_DYNAMIC_NO_PIC = NO;
				GCC_NO_COMMON_BLOCKS = YES;
				GCC_OPTIMIZATION_LEVEL = 0;
				GCC_PREPROCESSOR_DEFINITIONS = (
					"DEBUG=1",
					"$(inherited)",
				);
				GCC_WARN_64_TO_32_BIT_CONVERSION = YES;
				GCC_WARN_ABOUT_RETURN_TYPE = YES_ERROR;
				GCC_WARN_UNDECLARED_SELECTOR = YES;
				GCC_WARN_UNINITIALIZED_AUTOS = YES_AGGRESSIVE;
				GCC_WARN_UNUSED_FUNCTION = YES;
				GCC_WARN_UNUSED_VARIABLE = YES;
				IPHONEOS_DEPLOYMENT_TARGET = 16.2;
				MTL_ENABLE_DEBUG_INFO = INCLUDE_SOURCE;
				MTL_FAST_MATH = YES;
				ONLY_ACTIVE_ARCH = YES;
				SDKROOT = iphoneos;
				SWIFT_ACTIVE_COMPILATION_CONDITIONS = DEBUG;
				SWIFT_OPTIMIZATION_LEVEL = "-Onone";
			};
			name = Debug;
		};
		727E97842AB83D25006CE80F /* Release */ = {
			isa = XCBuildConfiguration;
			buildSettings = {
				ALWAYS_SEARCH_USER_PATHS = NO;
				CLANG_ANALYZER_NONNULL = YES;
				CLANG_ANALYZER_NUMBER_OBJECT_CONVERSION = YES_AGGRESSIVE;
				CLANG_CXX_LANGUAGE_STANDARD = "gnu++20";
				CLANG_ENABLE_MODULES = YES;
				CLANG_ENABLE_OBJC_ARC = YES;
				CLANG_ENABLE_OBJC_WEAK = YES;
				CLANG_WARN_BLOCK_CAPTURE_AUTORELEASING = YES;
				CLANG_WARN_BOOL_CONVERSION = YES;
				CLANG_WARN_COMMA = YES;
				CLANG_WARN_CONSTANT_CONVERSION = YES;
				CLANG_WARN_DEPRECATED_OBJC_IMPLEMENTATIONS = YES;
				CLANG_WARN_DIRECT_OBJC_ISA_USAGE = YES_ERROR;
				CLANG_WARN_DOCUMENTATION_COMMENTS = YES;
				CLANG_WARN_EMPTY_BODY = YES;
				CLANG_WARN_ENUM_CONVERSION = YES;
				CLANG_WARN_INFINITE_RECURSION = YES;
				CLANG_WARN_INT_CONVERSION = YES;
				CLANG_WARN_NON_LITERAL_NULL_CONVERSION = YES;
				CLANG_WARN_OBJC_IMPLICIT_RETAIN_SELF = YES;
				CLANG_WARN_OBJC_LITERAL_CONVERSION = YES;
				CLANG_WARN_OBJC_ROOT_CLASS = YES_ERROR;
				CLANG_WARN_QUOTED_INCLUDE_IN_FRAMEWORK_HEADER = YES;
				CLANG_WARN_RANGE_LOOP_ANALYSIS = YES;
				CLANG_WARN_STRICT_PROTOTYPES = YES;
				CLANG_WARN_SUSPICIOUS_MOVE = YES;
				CLANG_WARN_UNGUARDED_AVAILABILITY = YES_AGGRESSIVE;
				CLANG_WARN_UNREACHABLE_CODE = YES;
				CLANG_WARN__DUPLICATE_METHOD_MATCH = YES;
				COPY_PHASE_STRIP = NO;
				DEBUG_INFORMATION_FORMAT = "dwarf-with-dsym";
				ENABLE_NS_ASSERTIONS = NO;
				ENABLE_STRICT_OBJC_MSGSEND = YES;
				GCC_C_LANGUAGE_STANDARD = gnu11;
				GCC_NO_COMMON_BLOCKS = YES;
				GCC_WARN_64_TO_32_BIT_CONVERSION = YES;
				GCC_WARN_ABOUT_RETURN_TYPE = YES_ERROR;
				GCC_WARN_UNDECLARED_SELECTOR = YES;
				GCC_WARN_UNINITIALIZED_AUTOS = YES_AGGRESSIVE;
				GCC_WARN_UNUSED_FUNCTION = YES;
				GCC_WARN_UNUSED_VARIABLE = YES;
				IPHONEOS_DEPLOYMENT_TARGET = 16.2;
				MTL_ENABLE_DEBUG_INFO = NO;
				MTL_FAST_MATH = YES;
				SDKROOT = iphoneos;
				SWIFT_COMPILATION_MODE = wholemodule;
				SWIFT_OPTIMIZATION_LEVEL = "-O";
				VALIDATE_PRODUCT = YES;
			};
			name = Release;
		};
		727E97862AB83D25006CE80F /* Debug */ = {
			isa = XCBuildConfiguration;
			buildSettings = {
				ASSETCATALOG_COMPILER_APPICON_NAME = AppIcon;
				ASSETCATALOG_COMPILER_GLOBAL_ACCENT_COLOR_NAME = AccentColor;
				CODE_SIGN_STYLE = Automatic;
				CURRENT_PROJECT_VERSION = 1;
				DEVELOPMENT_ASSET_PATHS = "\"Plenny/Preview Content\"";
				DEVELOPMENT_TEAM = 4KP7P7XSCQ;
				ENABLE_PREVIEWS = YES;
				GENERATE_INFOPLIST_FILE = YES;
				INFOPLIST_KEY_UIApplicationSceneManifest_Generation = YES;
				INFOPLIST_KEY_UIApplicationSupportsIndirectInputEvents = YES;
				INFOPLIST_KEY_UILaunchScreen_Generation = YES;
				INFOPLIST_KEY_UISupportedInterfaceOrientations_iPad = "UIInterfaceOrientationPortrait UIInterfaceOrientationPortraitUpsideDown UIInterfaceOrientationLandscapeLeft UIInterfaceOrientationLandscapeRight";
				INFOPLIST_KEY_UISupportedInterfaceOrientations_iPhone = "UIInterfaceOrientationPortrait UIInterfaceOrientationLandscapeLeft UIInterfaceOrientationLandscapeRight";
				LD_RUNPATH_SEARCH_PATHS = (
					"$(inherited)",
					"@executable_path/Frameworks",
				);
				MARKETING_VERSION = 1.0;
				PRODUCT_BUNDLE_IDENTIFIER = Systems.Plenny;
				PRODUCT_NAME = "$(TARGET_NAME)";
				SWIFT_EMIT_LOC_STRINGS = YES;
				SWIFT_VERSION = 5.0;
				TARGETED_DEVICE_FAMILY = "1,2";
			};
			name = Debug;
		};
		727E97872AB83D25006CE80F /* Release */ = {
			isa = XCBuildConfiguration;
			buildSettings = {
				ASSETCATALOG_COMPILER_APPICON_NAME = AppIcon;
				ASSETCATALOG_COMPILER_GLOBAL_ACCENT_COLOR_NAME = AccentColor;
				CODE_SIGN_STYLE = Automatic;
				CURRENT_PROJECT_VERSION = 1;
				DEVELOPMENT_ASSET_PATHS = "\"Plenny/Preview Content\"";
				DEVELOPMENT_TEAM = 4KP7P7XSCQ;
				ENABLE_PREVIEWS = YES;
				GENERATE_INFOPLIST_FILE = YES;
				INFOPLIST_KEY_UIApplicationSceneManifest_Generation = YES;
				INFOPLIST_KEY_UIApplicationSupportsIndirectInputEvents = YES;
				INFOPLIST_KEY_UILaunchScreen_Generation = YES;
				INFOPLIST_KEY_UISupportedInterfaceOrientations_iPad = "UIInterfaceOrientationPortrait UIInterfaceOrientationPortraitUpsideDown UIInterfaceOrientationLandscapeLeft UIInterfaceOrientationLandscapeRight";
				INFOPLIST_KEY_UISupportedInterfaceOrientations_iPhone = "UIInterfaceOrientationPortrait UIInterfaceOrientationLandscapeLeft UIInterfaceOrientationLandscapeRight";
				LD_RUNPATH_SEARCH_PATHS = (
					"$(inherited)",
					"@executable_path/Frameworks",
				);
				MARKETING_VERSION = 1.0;
				PRODUCT_BUNDLE_IDENTIFIER = Systems.Plenny;
				PRODUCT_NAME = "$(TARGET_NAME)";
				SWIFT_EMIT_LOC_STRINGS = YES;
				SWIFT_VERSION = 5.0;
				TARGETED_DEVICE_FAMILY = "1,2";
			};
			name = Release;
		};
		727E97892AB83D25006CE80F /* Debug */ = {
			isa = XCBuildConfiguration;
			buildSettings = {
				ALWAYS_EMBED_SWIFT_STANDARD_LIBRARIES = YES;
				BUNDLE_LOADER = "$(TEST_HOST)";
				CODE_SIGN_STYLE = Automatic;
				CURRENT_PROJECT_VERSION = 1;
				DEVELOPMENT_TEAM = 4KP7P7XSCQ;
				GENERATE_INFOPLIST_FILE = YES;
				IPHONEOS_DEPLOYMENT_TARGET = 16.2;
				MARKETING_VERSION = 1.0;
				PRODUCT_BUNDLE_IDENTIFIER = Systems.PlennyTests;
				PRODUCT_NAME = "$(TARGET_NAME)";
				SWIFT_EMIT_LOC_STRINGS = NO;
				SWIFT_VERSION = 5.0;
				TARGETED_DEVICE_FAMILY = "1,2";
				TEST_HOST = "$(BUILT_PRODUCTS_DIR)/Plenny.app/$(BUNDLE_EXECUTABLE_FOLDER_PATH)/Plenny";
			};
			name = Debug;
		};
		727E978A2AB83D25006CE80F /* Release */ = {
			isa = XCBuildConfiguration;
			buildSettings = {
				ALWAYS_EMBED_SWIFT_STANDARD_LIBRARIES = YES;
				BUNDLE_LOADER = "$(TEST_HOST)";
				CODE_SIGN_STYLE = Automatic;
				CURRENT_PROJECT_VERSION = 1;
				DEVELOPMENT_TEAM = 4KP7P7XSCQ;
				GENERATE_INFOPLIST_FILE = YES;
				IPHONEOS_DEPLOYMENT_TARGET = 16.2;
				MARKETING_VERSION = 1.0;
				PRODUCT_BUNDLE_IDENTIFIER = Systems.PlennyTests;
				PRODUCT_NAME = "$(TARGET_NAME)";
				SWIFT_EMIT_LOC_STRINGS = NO;
				SWIFT_VERSION = 5.0;
				TARGETED_DEVICE_FAMILY = "1,2";
				TEST_HOST = "$(BUILT_PRODUCTS_DIR)/Plenny.app/$(BUNDLE_EXECUTABLE_FOLDER_PATH)/Plenny";
			};
			name = Release;
		};
		727E978C2AB83D25006CE80F /* Debug */ = {
			isa = XCBuildConfiguration;
			buildSettings = {
				ALWAYS_EMBED_SWIFT_STANDARD_LIBRARIES = YES;
				CODE_SIGN_STYLE = Automatic;
				CURRENT_PROJECT_VERSION = 1;
				DEVELOPMENT_TEAM = 4KP7P7XSCQ;
				GENERATE_INFOPLIST_FILE = YES;
				MARKETING_VERSION = 1.0;
				PRODUCT_BUNDLE_IDENTIFIER = Systems.PlennyUITests;
				PRODUCT_NAME = "$(TARGET_NAME)";
				SWIFT_EMIT_LOC_STRINGS = NO;
				SWIFT_VERSION = 5.0;
				TARGETED_DEVICE_FAMILY = "1,2";
				TEST_TARGET_NAME = Plenny;
			};
			name = Debug;
		};
		727E978D2AB83D25006CE80F /* Release */ = {
			isa = XCBuildConfiguration;
			buildSettings = {
				ALWAYS_EMBED_SWIFT_STANDARD_LIBRARIES = YES;
				CODE_SIGN_STYLE = Automatic;
				CURRENT_PROJECT_VERSION = 1;
				DEVELOPMENT_TEAM = 4KP7P7XSCQ;
				GENERATE_INFOPLIST_FILE = YES;
				MARKETING_VERSION = 1.0;
				PRODUCT_BUNDLE_IDENTIFIER = Systems.PlennyUITests;
				PRODUCT_NAME = "$(TARGET_NAME)";
				SWIFT_EMIT_LOC_STRINGS = NO;
				SWIFT_VERSION = 5.0;
				TARGETED_DEVICE_FAMILY = "1,2";
				TEST_TARGET_NAME = Plenny;
			};
			name = Release;
		};
/* End XCBuildConfiguration section */

/* Begin XCConfigurationList section */
		727E97572AB83D24006CE80F /* Build configuration list for PBXProject "Plenny" */ = {
			isa = XCConfigurationList;
			buildConfigurations = (
				727E97832AB83D25006CE80F /* Debug */,
				727E97842AB83D25006CE80F /* Release */,
			);
			defaultConfigurationIsVisible = 0;
			defaultConfigurationName = Release;
		};
		727E97852AB83D25006CE80F /* Build configuration list for PBXNativeTarget "Plenny" */ = {
			isa = XCConfigurationList;
			buildConfigurations = (
				727E97862AB83D25006CE80F /* Debug */,
				727E97872AB83D25006CE80F /* Release */,
			);
			defaultConfigurationIsVisible = 0;
			defaultConfigurationName = Release;
		};
		727E97882AB83D25006CE80F /* Build configuration list for PBXNativeTarget "PlennyTests" */ = {
			isa = XCConfigurationList;
			buildConfigurations = (
				727E97892AB83D25006CE80F /* Debug */,
				727E978A2AB83D25006CE80F /* Release */,
			);
			defaultConfigurationIsVisible = 0;
			defaultConfigurationName = Release;
		};
		727E978B2AB83D25006CE80F /* Build configuration list for PBXNativeTarget "PlennyUITests" */ = {
			isa = XCConfigurationList;
			buildConfigurations = (
				727E978C2AB83D25006CE80F /* Debug */,
				727E978D2AB83D25006CE80F /* Release */,
			);
			defaultConfigurationIsVisible = 0;
			defaultConfigurationName = Release;
		};
/* End XCConfigurationList section */

/* Begin XCVersionGroup section */
		727E976A2AB83D25006CE80F /* Plenny.xcdatamodeld */ = {
			isa = XCVersionGroup;
			children = (
				727E976B2AB83D25006CE80F /* Plenny.xcdatamodel */,
			);
			currentVersion = 727E976B2AB83D25006CE80F /* Plenny.xcdatamodel */;
			path = Plenny.xcdatamodeld;
			sourceTree = "<group>";
			versionGroupType = wrapper.xcdatamodel;
		};
/* End XCVersionGroup section */
	};
	rootObject = 727E97542AB83D24006CE80F /* Project object */;
}
